<Solution>
  <Folder Name="/Documents/" />
  <Folder Name="/Solution Items/">
    <File Path="README.md" />
    <File Path="TODO.md" />
  </Folder>
  <Folder Name="/Web/">
    <Project Path="BlazorWebAppServerOnly/BlazorWebAppServerOnly.csproj" Id="d852685b-bffb-48ac-b18b-ceaf0849a450" />
    <Project Path="BlazorWebAppWasmOnly/BlazorWebAppWasmOnly.Client/BlazorWebAppWasmOnly.Client.csproj" Id="349a411c-4ff5-498e-aa65-0554f499a960" />
    <Project Path="BlazorWebAppWasmOnly/BlazorWebAppWasmOnly/BlazorWebAppWasmOnly.csproj" Id="99cd29cc-f025-4fdb-8e58-9e498ff49acf" />
  </Folder>
  <Project Path="BlazorApp1.Server/BlazorApp1.Server.csproj" />
  <Project Path="BlazorApp1/BlazorApp1.csproj" Id="2f6581b9-8858-4bf5-b893-ed1004f44552" />
</Solution>
